
Microsoft Visual Studio Solution File, Format Version 12.00
# Visual Studio Version 16
VisualStudioVersion = 16.0.30011.22
MinimumVisualStudioVersion = 10.0.40219.1
Project("{9A19103F-16F7-4668-BE54-9A1E7A4F7556}") = "CoronaKurzArbeit", "CoronaKurzArbeit\CoronaKurzArbeit.csproj", "{EB9A2830-B40F-4F75-AB74-92BBB82A90D3}"
EndProject
Project("{9A19103F-16F7-4668-BE54-9A1E7A4F7556}") = "CoronaKurzArbeit.Tests", "CoronaKurzArbeit.Tests\CoronaKurzArbeit.Tests.csproj", "{A9302902-6045-4102-9436-0CD1924A58E0}"
EndProject
Project("{FAE04EC0-301F-11D3-BF4B-00C04F79EFBC}") = "CoronaKurzArbeit.DAL", "CoronaKurzArbeit.DAL\CoronaKurzArbeit.DAL.csproj", "{6E43EB37-D0B2-47A0-9609-9125D3BEC23F}"
EndProject
Project("{FAE04EC0-301F-11D3-BF4B-00C04F79EFBC}") = "CoronaKurzArbeit.Shared", "CoronaKurzArbeit.Shared\CoronaKurzArbeit.Shared.csproj", "{F470A4D5-10FE-439C-BD93-D8F9420682DB}"
EndProject
Project("{FAE04EC0-301F-11D3-BF4B-00C04F79EFBC}") = "CoronaKurzArbeit.Logic", "CoronaKurzArbeit.Logic\CoronaKurzArbeit.Logic.csproj", "{E2EC0C93-09A4-4F28-8897-33E213BF3FC0}"
EndProject
Global
	GlobalSection(SolutionConfigurationPlatforms) = preSolution
		Debug|Any CPU = Debug|Any CPU
		Release|Any CPU = Release|Any CPU
	EndGlobalSection
	GlobalSection(ProjectConfigurationPlatforms) = postSolution
		{EB9A2830-B40F-4F75-AB74-92BBB82A90D3}.Debug|Any CPU.ActiveCfg = Debug|Any CPU
		{EB9A2830-B40F-4F75-AB74-92BBB82A90D3}.Debug|Any CPU.Build.0 = Debug|Any CPU
		{EB9A2830-B40F-4F75-AB74-92BBB82A90D3}.Release|Any CPU.ActiveCfg = Release|Any CPU
		{EB9A2830-B40F-4F75-AB74-92BBB82A90D3}.Release|Any CPU.Build.0 = Release|Any CPU
		{A9302902-6045-4102-9436-0CD1924A58E0}.Debug|Any CPU.ActiveCfg = Debug|Any CPU
		{A9302902-6045-4102-9436-0CD1924A58E0}.Debug|Any CPU.Build.0 = Debug|Any CPU
		{A9302902-6045-4102-9436-0CD1924A58E0}.Release|Any CPU.ActiveCfg = Release|Any CPU
		{A9302902-6045-4102-9436-0CD1924A58E0}.Release|Any CPU.Build.0 = Release|Any CPU
		{6E43EB37-D0B2-47A0-9609-9125D3BEC23F}.Debug|Any CPU.ActiveCfg = Debug|Any CPU
		{6E43EB37-D0B2-47A0-9609-9125D3BEC23F}.Debug|Any CPU.Build.0 = Debug|Any CPU
		{6E43EB37-D0B2-47A0-9609-9125D3BEC23F}.Release|Any CPU.ActiveCfg = Release|Any CPU
		{6E43EB37-D0B2-47A0-9609-9125D3BEC23F}.Release|Any CPU.Build.0 = Release|Any CPU
		{F470A4D5-10FE-439C-BD93-D8F9420682DB}.Debug|Any CPU.ActiveCfg = Debug|Any CPU
		{F470A4D5-10FE-439C-BD93-D8F9420682DB}.Debug|Any CPU.Build.0 = Debug|Any CPU
		{F470A4D5-10FE-439C-BD93-D8F9420682DB}.Release|Any CPU.ActiveCfg = Release|Any CPU
		{F470A4D5-10FE-439C-BD93-D8F9420682DB}.Release|Any CPU.Build.0 = Release|Any CPU
		{E2EC0C93-09A4-4F28-8897-33E213BF3FC0}.Debug|Any CPU.ActiveCfg = Debug|Any CPU
		{E2EC0C93-09A4-4F28-8897-33E213BF3FC0}.Debug|Any CPU.Build.0 = Debug|Any CPU
		{E2EC0C93-09A4-4F28-8897-33E213BF3FC0}.Release|Any CPU.ActiveCfg = Release|Any CPU
		{E2EC0C93-09A4-4F28-8897-33E213BF3FC0}.Release|Any CPU.Build.0 = Release|Any CPU
	EndGlobalSection
	GlobalSection(SolutionProperties) = preSolution
		HideSolutionNode = FALSE
	EndGlobalSection
	GlobalSection(ExtensibilityGlobals) = postSolution
		SolutionGuid = {FB8FA45F-FC15-4EA3-8516-32352465F2F5}
	EndGlobalSection
EndGlobal
